// !$*UTF8*$!
{
	archiveVersion = 1;
	classes = {
	};
	objectVersion = 39;
	objects = {
		6DBE1E0B09195F5800AFFCDC = {
			explicitFileType = wrapper.application;
			includeInIndex = 0;
			isa = PBXFileReference;
			path = xt3dmon.app;
			refType = 3;
			sourceTree = BUILT_PRODUCTS_DIR;
		};
		6DBE1E250919605200AFFCDC = {
			fileEncoding = 30;
			isa = PBXFileReference;
			lastKnownFileType = sourcecode.c.c;
			name = buf.c;
			path = ../../buf.c;
			refType = 2;
			sourceTree = SOURCE_ROOT;
		};
		6DBE1E260919605200AFFCDC = {
			fileEncoding = 30;
			isa = PBXFileReference;
			lastKnownFileType = sourcecode.c.h;
			name = buf.h;
			path = ../../buf.h;
			refType = 2;
			sourceTree = SOURCE_ROOT;
		};
		6DBE1E270919605200AFFCDC = {
			fileEncoding = 30;
			isa = PBXFileReference;
			lastKnownFileType = sourcecode.c.c;
			name = callout.c;
			path = ../../callout.c;
			refType = 2;
			sourceTree = SOURCE_ROOT;
		};
		6DBE1E280919605200AFFCDC = {
			fileEncoding = 30;
			isa = PBXFileReference;
			lastKnownFileType = sourcecode.c.c;
			name = cam.c;
			path = ../../cam.c;
			refType = 2;
			sourceTree = SOURCE_ROOT;
		};
		6DBE1E290919605200AFFCDC = {
			fileEncoding = 30;
			isa = PBXFileReference;
			lastKnownFileType = sourcecode.c.c;
			name = capture.c;
			path = ../../capture.c;
			refType = 2;
			sourceTree = SOURCE_ROOT;
		};
		6DBE1E2A0919605200AFFCDC = {
			fileEncoding = 30;
			isa = PBXFileReference;
			lastKnownFileType = sourcecode.c.h;
			name = cdefs.h;
			path = ../../cdefs.h;
			refType = 2;
			sourceTree = SOURCE_ROOT;
		};
		6DBE1E2B0919605200AFFCDC = {
			fileEncoding = 30;
			isa = PBXFileReference;
			lastKnownFileType = sourcecode.c.h;
			name = compat.h;
			path = ../../compat.h;
			refType = 2;
			sourceTree = SOURCE_ROOT;
		};
		6DBE1E2C0919605200AFFCDC = {
			fileEncoding = 30;
			isa = PBXFileReference;
			lastKnownFileType = sourcecode.c.c;
			name = db.c;
			path = ../../db.c;
			refType = 2;
			sourceTree = SOURCE_ROOT;
		};
		6DBE1E2D0919605200AFFCDC = {
			fileEncoding = 30;
			isa = PBXFileReference;
			lastKnownFileType = sourcecode.c.c;
			name = dbg.c;
			path = ../../dbg.c;
			refType = 2;
			sourceTree = SOURCE_ROOT;
		};
		6DBE1E2E0919605200AFFCDC = {
			fileEncoding = 30;
			isa = PBXFileReference;
			lastKnownFileType = sourcecode.c.c;
			name = draw.c;
			path = ../../draw.c;
			refType = 2;
			sourceTree = SOURCE_ROOT;
		};
		6DBE1E2F0919605200AFFCDC = {
			fileEncoding = 30;
			isa = PBXFileReference;
			lastKnownFileType = sourcecode.c.c;
			name = ds.c;
			path = ../../ds.c;
			refType = 2;
			sourceTree = SOURCE_ROOT;
		};
		6DBE1E300919605200AFFCDC = {
			fileEncoding = 30;
			isa = PBXFileReference;
			lastKnownFileType = sourcecode.c.c;
			name = eggs.c;
			path = ../../eggs.c;
			refType = 2;
			sourceTree = SOURCE_ROOT;
		};
		6DBE1E310919605200AFFCDC = {
			fileEncoding = 30;
			isa = PBXFileReference;
			lastKnownFileType = sourcecode.c.c;
			name = flyby.c;
			path = ../../flyby.c;
			refType = 2;
			sourceTree = SOURCE_ROOT;
		};
		6DBE1E320919605200AFFCDC = {
			fileEncoding = 30;
			isa = PBXFileReference;
			lastKnownFileType = sourcecode.c.c;
			name = hl.c;
			path = ../../hl.c;
			refType = 2;
			sourceTree = SOURCE_ROOT;
		};
		6DBE1E330919605200AFFCDC = {
			fileEncoding = 30;
			isa = PBXFileReference;
			lastKnownFileType = sourcecode.c.c;
			name = http.c;
			path = ../../http.c;
			refType = 2;
			sourceTree = SOURCE_ROOT;
		};
		6DBE1E340919605200AFFCDC = {
			fileEncoding = 30;
			isa = PBXFileReference;
			lastKnownFileType = sourcecode.c.c;
			name = job.c;
			path = ../../job.c;
			refType = 2;
			sourceTree = SOURCE_ROOT;
		};
		6DBE1E350919605200AFFCDC = {
			fileEncoding = 30;
			isa = PBXFileReference;
			lastKnownFileType = sourcecode.c.c;
			name = key.c;
			path = ../../key.c;
			refType = 2;
			sourceTree = SOURCE_ROOT;
		};
		6DBE1E360919605200AFFCDC = {
			fileEncoding = 30;
			isa = PBXFileReference;
			lastKnownFileType = sourcecode.c.c;
			name = main.c;
			path = ../../main.c;
			refType = 2;
			sourceTree = SOURCE_ROOT;
		};
		6DBE1E370919605200AFFCDC = {
			fileEncoding = 30;
			isa = PBXFileReference;
			lastKnownFileType = sourcecode.c.h;
			name = mon.h;
			path = ../../mon.h;
			refType = 2;
			sourceTree = SOURCE_ROOT;
		};
		6DBE1E380919605200AFFCDC = {
			fileEncoding = 30;
			isa = PBXFileReference;
			lastKnownFileType = sourcecode.c.c;
			name = mouse.c;
			path = ../../mouse.c;
			refType = 2;
			sourceTree = SOURCE_ROOT;
		};
		6DBE1E390919605200AFFCDC = {
			fileEncoding = 30;
			isa = PBXFileReference;
			lastKnownFileType = sourcecode.c.c;
			name = node.c;
			path = ../../node.c;
			refType = 2;
			sourceTree = SOURCE_ROOT;
		};
		6DBE1E3A0919605200AFFCDC = {
			fileEncoding = 30;
			isa = PBXFileReference;
			lastKnownFileType = sourcecode.c.c;
			name = objlist.c;
			path = ../../objlist.c;
			refType = 2;
			sourceTree = SOURCE_ROOT;
		};
		6DBE1E3B0919605200AFFCDC = {
			fileEncoding = 30;
			isa = PBXFileReference;
			lastKnownFileType = sourcecode.c.c;
			name = panel.c;
			path = ../../panel.c;
			refType = 2;
			sourceTree = SOURCE_ROOT;
		};
		6DBE1E3C0919605200AFFCDC = {
			fileEncoding = 30;
			isa = PBXFileReference;
			lastKnownFileType = sourcecode.c.c;
			name = parse.c;
			path = ../../parse.c;
			refType = 2;
			sourceTree = SOURCE_ROOT;
		};
		6DBE1E3D0919605200AFFCDC = {
			fileEncoding = 30;
			isa = PBXFileReference;
			lastKnownFileType = sourcecode.c.h;
			name = pathnames.h;
			path = ../../pathnames.h;
			refType = 2;
			sourceTree = SOURCE_ROOT;
		};
		6DBE1E3E0919605200AFFCDC = {
			fileEncoding = 30;
			isa = PBXFileReference;
			lastKnownFileType = sourcecode.c.c;
			name = png.c;
			path = ../../png.c;
			refType = 2;
			sourceTree = SOURCE_ROOT;
		};
		6DBE1E3F0919605200AFFCDC = {
			fileEncoding = 30;
			isa = PBXFileReference;
			lastKnownFileType = sourcecode.c.h;
			name = queue.h;
			path = ../../queue.h;
			refType = 2;
			sourceTree = SOURCE_ROOT;
		};
		6DBE1E400919605200AFFCDC = {
			fileEncoding = 30;
			isa = PBXFileReference;
			lastKnownFileType = sourcecode.c.c;
			name = select.c;
			path = ../../select.c;
			refType = 2;
			sourceTree = SOURCE_ROOT;
		};
		6DBE1E410919605200AFFCDC = {
			fileEncoding = 30;
			isa = PBXFileReference;
			lastKnownFileType = sourcecode.c.c;
			name = selnode.c;
			path = ../../selnode.c;
			refType = 2;
			sourceTree = SOURCE_ROOT;
		};
		6DBE1E420919605200AFFCDC = {
			fileEncoding = 30;
			isa = PBXFileReference;
			lastKnownFileType = sourcecode.c.c;
			name = server.c;
			path = ../../server.c;
			refType = 2;
			sourceTree = SOURCE_ROOT;
		};
		6DBE1E430919605200AFFCDC = {
			fileEncoding = 30;
			isa = PBXFileReference;
			lastKnownFileType = sourcecode.c.c;
			name = shadow.c;
			path = ../../shadow.c;
			refType = 2;
			sourceTree = SOURCE_ROOT;
		};
		6DBE1E440919605200AFFCDC = {
			fileEncoding = 30;
			isa = PBXFileReference;
			lastKnownFileType = sourcecode.c.c;
			name = status.c;
			path = ../../status.c;
			refType = 2;
			sourceTree = SOURCE_ROOT;
		};
		6DBE1E450919605200AFFCDC = {
			fileEncoding = 30;
			isa = PBXFileReference;
			lastKnownFileType = sourcecode.c.c;
			name = tex.c;
			path = ../../tex.c;
			refType = 2;
			sourceTree = SOURCE_ROOT;
		};
		6DBE1E460919605200AFFCDC = {
			fileEncoding = 30;
			isa = PBXFileReference;
			lastKnownFileType = sourcecode.c.c;
			name = tween.c;
			path = ../../tween.c;
			refType = 2;
			sourceTree = SOURCE_ROOT;
		};
		6DBE1E470919605200AFFCDC = {
			fileEncoding = 30;
			isa = PBXFileReference;
			lastKnownFileType = sourcecode.c.c;
			name = uinp.c;
			path = ../../uinp.c;
			refType = 2;
			sourceTree = SOURCE_ROOT;
		};
		6DBE1E480919605200AFFCDC = {
			fileEncoding = 30;
			isa = PBXFileReference;
			lastKnownFileType = sourcecode.c.c;
			name = vec.c;
			path = ../../vec.c;
			refType = 2;
			sourceTree = SOURCE_ROOT;
		};
		6DBE1E490919605200AFFCDC = {
			fileEncoding = 30;
			isa = PBXFileReference;
			lastKnownFileType = sourcecode.c.c;
			name = widget.c;
			path = ../../widget.c;
			refType = 2;
			sourceTree = SOURCE_ROOT;
		};
		6DBE1E4A0919605200AFFCDC = {
			fileRef = 6DBE1E250919605200AFFCDC;
			isa = PBXBuildFile;
			settings = {
			};
		};
		6DBE1E4B0919605200AFFCDC = {
			fileRef = 6DBE1E270919605200AFFCDC;
			isa = PBXBuildFile;
			settings = {
			};
		};
		6DBE1E4C0919605200AFFCDC = {
			fileRef = 6DBE1E280919605200AFFCDC;
			isa = PBXBuildFile;
			settings = {
			};
		};
		6DBE1E4D0919605200AFFCDC = {
			fileRef = 6DBE1E290919605200AFFCDC;
			isa = PBXBuildFile;
			settings = {
			};
		};
		6DBE1E4E0919605200AFFCDC = {
			fileRef = 6DBE1E2C0919605200AFFCDC;
			isa = PBXBuildFile;
			settings = {
			};
		};
		6DBE1E4F0919605200AFFCDC = {
			fileRef = 6DBE1E2D0919605200AFFCDC;
			isa = PBXBuildFile;
			settings = {
			};
		};
		6DBE1E500919605200AFFCDC = {
			fileRef = 6DBE1E2E0919605200AFFCDC;
			isa = PBXBuildFile;
			settings = {
			};
		};
		6DBE1E510919605200AFFCDC = {
			fileRef = 6DBE1E2F0919605200AFFCDC;
			isa = PBXBuildFile;
			settings = {
			};
		};
		6DBE1E520919605200AFFCDC = {
			fileRef = 6DBE1E300919605200AFFCDC;
			isa = PBXBuildFile;
			settings = {
			};
		};
		6DBE1E530919605200AFFCDC = {
			fileRef = 6DBE1E310919605200AFFCDC;
			isa = PBXBuildFile;
			settings = {
			};
		};
		6DBE1E540919605200AFFCDC = {
			fileRef = 6DBE1E320919605200AFFCDC;
			isa = PBXBuildFile;
			settings = {
			};
		};
		6DBE1E550919605200AFFCDC = {
			fileRef = 6DBE1E330919605200AFFCDC;
			isa = PBXBuildFile;
			settings = {
			};
		};
		6DBE1E560919605200AFFCDC = {
			fileRef = 6DBE1E340919605200AFFCDC;
			isa = PBXBuildFile;
			settings = {
			};
		};
		6DBE1E570919605200AFFCDC = {
			fileRef = 6DBE1E350919605200AFFCDC;
			isa = PBXBuildFile;
			settings = {
			};
		};
		6DBE1E580919605200AFFCDC = {
			fileRef = 6DBE1E360919605200AFFCDC;
			isa = PBXBuildFile;
			settings = {
			};
		};
		6DBE1E590919605200AFFCDC = {
			fileRef = 6DBE1E380919605200AFFCDC;
			isa = PBXBuildFile;
			settings = {
			};
		};
		6DBE1E5A0919605200AFFCDC = {
			fileRef = 6DBE1E390919605200AFFCDC;
			isa = PBXBuildFile;
			settings = {
			};
		};
		6DBE1E5B0919605200AFFCDC = {
			fileRef = 6DBE1E3A0919605200AFFCDC;
			isa = PBXBuildFile;
			settings = {
			};
		};
		6DBE1E5C0919605200AFFCDC = {
			fileRef = 6DBE1E3B0919605200AFFCDC;
			isa = PBXBuildFile;
			settings = {
			};
		};
		6DBE1E5D0919605200AFFCDC = {
			fileRef = 6DBE1E3C0919605200AFFCDC;
			isa = PBXBuildFile;
			settings = {
			};
		};
		6DBE1E5E0919605200AFFCDC = {
			fileRef = 6DBE1E3E0919605200AFFCDC;
			isa = PBXBuildFile;
			settings = {
			};
		};
		6DBE1E5F0919605200AFFCDC = {
			fileRef = 6DBE1E400919605200AFFCDC;
			isa = PBXBuildFile;
			settings = {
			};
		};
		6DBE1E600919605200AFFCDC = {
			fileRef = 6DBE1E410919605200AFFCDC;
			isa = PBXBuildFile;
			settings = {
			};
		};
		6DBE1E610919605200AFFCDC = {
			fileRef = 6DBE1E420919605200AFFCDC;
			isa = PBXBuildFile;
			settings = {
			};
		};
		6DBE1E620919605200AFFCDC = {
			fileRef = 6DBE1E430919605200AFFCDC;
			isa = PBXBuildFile;
			settings = {
			};
		};
		6DBE1E630919605200AFFCDC = {
			fileRef = 6DBE1E440919605200AFFCDC;
			isa = PBXBuildFile;
			settings = {
			};
		};
		6DBE1E640919605200AFFCDC = {
			fileRef = 6DBE1E450919605200AFFCDC;
			isa = PBXBuildFile;
			settings = {
			};
		};
		6DBE1E650919605200AFFCDC = {
			fileRef = 6DBE1E460919605200AFFCDC;
			isa = PBXBuildFile;
			settings = {
			};
		};
		6DBE1E660919605200AFFCDC = {
			fileRef = 6DBE1E470919605200AFFCDC;
			isa = PBXBuildFile;
			settings = {
			};
		};
		6DBE1E670919605200AFFCDC = {
			fileRef = 6DBE1E480919605200AFFCDC;
			isa = PBXBuildFile;
			settings = {
			};
		};
		6DBE1E680919605200AFFCDC = {
			fileRef = 6DBE1E490919605200AFFCDC;
			isa = PBXBuildFile;
			settings = {
			};
		};
//6D0
//6D1
//6D2
//6D3
//6D4
//D30
//D31
//D32
//D33
//D34
		D31796C808AD1BF60016A4BD = {
			children = (
				6DBE1E260919605200AFFCDC,
				6DBE1E2A0919605200AFFCDC,
				6DBE1E2B0919605200AFFCDC,
				6DBE1E370919605200AFFCDC,
				6DBE1E3D0919605200AFFCDC,
				6DBE1E3F0919605200AFFCDC,
			);
			isa = PBXGroup;
			name = Headers;
			refType = 4;
			sourceTree = "<group>";
		};
		D31796C908AD1C210016A4BD = {
			children = (
			);
			isa = PBXGroup;
			name = Documentation;
			refType = 4;
			sourceTree = "<group>";
		};
		D37C167C0833BE1100B1AA74 = {
			children = (
				D31796C908AD1C210016A4BD,
				D31796C808AD1BF60016A4BD,
				D37C16CA0833BF9400B1AA74,
				D37C169F0833BF7F00B1AA74,
				D37C168D0833BE3600B1AA74,
				D3E2780708BB676000B4B44E,
			);
			isa = PBXGroup;
			refType = 4;
			sourceTree = "<group>";
		};
		D37C167E0833BE1100B1AA74 = {
			buildSettings = {
				COPY_PHASE_STRIP = NO;
				HEADER_SEARCH_PATHS = "/usr/local/mysql/include /opt/local/include/libpng12";
				LIBRARY_SEARCH_PATHS = "/usr/local/mysql-standard-5.0.15-osx10.4-powerpc/lib";
			};
			isa = PBXBuildStyle;
			name = Development;
		};
		D37C167F0833BE1100B1AA74 = {
			buildSettings = {
				COPY_PHASE_STRIP = YES;
				GCC_OPTIMIZATION_LEVEL = 3;
			};
			isa = PBXBuildStyle;
			name = Deployment;
		};
		D37C16800833BE1100B1AA74 = {
			buildSettings = {
			};
			buildStyles = (
				D37C167E0833BE1100B1AA74,
				D37C167F0833BE1100B1AA74,
			);
			hasScannedForEncodings = 0;
			isa = PBXProject;
			mainGroup = D37C167C0833BE1100B1AA74;
			productRefGroup = D37C168D0833BE3600B1AA74;
			projectDirPath = "";
			targets = (
				D37C168B0833BE3600B1AA74,
			);
		};
		D37C16880833BE3600B1AA74 = {
			buildActionMask = 2147483647;
			files = (
				D3E2780808BB676000B4B44E,
			);
			isa = PBXResourcesBuildPhase;
			runOnlyForDeploymentPostprocessing = 0;
		};
		D37C16890833BE3600B1AA74 = {
			buildActionMask = 2147483647;
			files = (
				6DBE1E4A0919605200AFFCDC,
				6DBE1E4B0919605200AFFCDC,
				6DBE1E4C0919605200AFFCDC,
				6DBE1E4D0919605200AFFCDC,
				6DBE1E4E0919605200AFFCDC,
				6DBE1E4F0919605200AFFCDC,
				6DBE1E500919605200AFFCDC,
				6DBE1E510919605200AFFCDC,
				6DBE1E520919605200AFFCDC,
				6DBE1E530919605200AFFCDC,
				6DBE1E540919605200AFFCDC,
				6DBE1E550919605200AFFCDC,
				6DBE1E560919605200AFFCDC,
				6DBE1E570919605200AFFCDC,
				6DBE1E580919605200AFFCDC,
				6DBE1E590919605200AFFCDC,
				6DBE1E5A0919605200AFFCDC,
				6DBE1E5B0919605200AFFCDC,
				6DBE1E5C0919605200AFFCDC,
				6DBE1E5D0919605200AFFCDC,
				6DBE1E5E0919605200AFFCDC,
				6DBE1E5F0919605200AFFCDC,
				6DBE1E600919605200AFFCDC,
				6DBE1E610919605200AFFCDC,
				6DBE1E620919605200AFFCDC,
				6DBE1E630919605200AFFCDC,
				6DBE1E640919605200AFFCDC,
				6DBE1E650919605200AFFCDC,
				6DBE1E660919605200AFFCDC,
				6DBE1E670919605200AFFCDC,
				6DBE1E680919605200AFFCDC,
			);
			isa = PBXSourcesBuildPhase;
			runOnlyForDeploymentPostprocessing = 0;
		};
		D37C168A0833BE3600B1AA74 = {
			buildActionMask = 2147483647;
			files = (
				D37C16960833BF5400B1AA74,
				D37C16970833BF5400B1AA74,
				D37C16980833BF5400B1AA74,
			);
			isa = PBXFrameworksBuildPhase;
			runOnlyForDeploymentPostprocessing = 0;
		};
		D37C168B0833BE3600B1AA74 = {
			buildPhases = (
				D37C16880833BE3600B1AA74,
				D37C16890833BE3600B1AA74,
				D37C168A0833BE3600B1AA74,
			);
			buildRules = (
			);
			buildSettings = {
				COPY_PHASE_STRIP = NO;
				GCC_DEBUGGING_SYMBOLS = full;
				GCC_GENERATE_DEBUGGING_SYMBOLS = NO;
				GCC_MODEL_TUNING = G4;
				GCC_OPTIMIZATION_LEVEL = 3;
				GCC_PRECOMPILE_PREFIX_HEADER = YES;
				GCC_PREFIX_HEADER = "$(SYSTEM_LIBRARY_DIR)/Frameworks/Carbon.framework/Headers/Carbon.h";
				INFOPLIST_FILE = "xt3dmon-Info.plist";
				INSTALL_PATH = "$(USER_APPS_DIR)";
				OTHER_CFLAGS = "-L/usr/local/lib -I/usr/local/include/mysql";
				OTHER_LDFLAGS = "-framework Carbon -lpng -L/opt/local/lib -lncurses -L'/opt/local/lib/mysql' -lmysqlclient -lz -lm";
				OTHER_REZFLAGS = "";
				PREBINDING = NO;
				PRODUCT_NAME = xt3dmon;
				SECTORDER_FLAGS = "";
				WARNING_CFLAGS = "-Wmost -Wno-four-char-constants -Wno-unknown-pragmas";
			};
			dependencies = (
			);
			isa = PBXNativeTarget;
			name = xt3dmon;
			productName = carbon_mon;
			productReference = 6DBE1E0B09195F5800AFFCDC;
			productSettingsXML = "<?xml version=\"1.0\" encoding=\"UTF-8\"?>
<!DOCTYPE plist PUBLIC \"-//Apple Computer//DTD PLIST 1.0//EN\" \"http://www.apple.com/DTDs/PropertyList-1.0.dtd\">
<plist version=\"1.0\">
<dict>
	<key>CFBundleDevelopmentRegion</key>
	<string>English</string>
	<key>CFBundleExecutable</key>
	<string>carbon_mon</string>
	<key>CFBundleIdentifier</key>
	<string>com.yourcompany.carbon_mon</string>
	<key>CFBundleInfoDictionaryVersion</key>
	<string>6.0</string>
	<key>CFBundlePackageType</key>
	<string>APPL</string>
	<key>CFBundleSignature</key>
	<string>????</string>
	<key>CFBundleVersion</key>
	<string>1.0</string>
</dict>
</plist>
";
			productType = "com.apple.product-type.application";
		};
		D37C168D0833BE3600B1AA74 = {
			children = (
				6DBE1E0B09195F5800AFFCDC,
			);
			isa = PBXGroup;
			name = Products;
			refType = 4;
			sourceTree = "<group>";
		};
		D37C16930833BF5400B1AA74 = {
			isa = PBXFileReference;
			lastKnownFileType = wrapper.framework;
			name = Cocoa.framework;
			path = /System/Library/Frameworks/Cocoa.framework;
			refType = 0;
			sourceTree = "<absolute>";
		};
		D37C16940833BF5400B1AA74 = {
			isa = PBXFileReference;
			lastKnownFileType = wrapper.framework;
			name = GLUT.framework;
			path = /System/Library/Frameworks/GLUT.framework;
			refType = 0;
			sourceTree = "<absolute>";
		};
		D37C16950833BF5400B1AA74 = {
			isa = PBXFileReference;
			lastKnownFileType = wrapper.framework;
			name = OpenGL.framework;
			path = /System/Library/Frameworks/OpenGL.framework;
			refType = 0;
			sourceTree = "<absolute>";
		};
		D37C16960833BF5400B1AA74 = {
			fileRef = D37C16930833BF5400B1AA74;
			isa = PBXBuildFile;
			settings = {
			};
		};
		D37C16970833BF5400B1AA74 = {
			fileRef = D37C16940833BF5400B1AA74;
			isa = PBXBuildFile;
			settings = {
			};
		};
		D37C16980833BF5400B1AA74 = {
			fileRef = D37C16950833BF5400B1AA74;
			isa = PBXBuildFile;
			settings = {
			};
		};
		D37C169F0833BF7F00B1AA74 = {
			children = (
				D37C16950833BF5400B1AA74,
				D37C16940833BF5400B1AA74,
				D37C16930833BF5400B1AA74,
			);
			isa = PBXGroup;
			name = Frameworks;
			refType = 4;
			sourceTree = "<group>";
		};
		D37C16CA0833BF9400B1AA74 = {
			children = (
				6DBE1E250919605200AFFCDC,
				6DBE1E270919605200AFFCDC,
				6DBE1E280919605200AFFCDC,
				6DBE1E290919605200AFFCDC,
				6DBE1E2C0919605200AFFCDC,
				6DBE1E2D0919605200AFFCDC,
				6DBE1E2E0919605200AFFCDC,
				6DBE1E2F0919605200AFFCDC,
				6DBE1E300919605200AFFCDC,
				6DBE1E310919605200AFFCDC,
				6DBE1E320919605200AFFCDC,
				6DBE1E330919605200AFFCDC,
				6DBE1E340919605200AFFCDC,
				6DBE1E350919605200AFFCDC,
				6DBE1E360919605200AFFCDC,
				6DBE1E380919605200AFFCDC,
				6DBE1E390919605200AFFCDC,
				6DBE1E3A0919605200AFFCDC,
				6DBE1E3B0919605200AFFCDC,
				6DBE1E3C0919605200AFFCDC,
				6DBE1E3E0919605200AFFCDC,
				6DBE1E400919605200AFFCDC,
				6DBE1E410919605200AFFCDC,
				6DBE1E420919605200AFFCDC,
				6DBE1E430919605200AFFCDC,
				6DBE1E440919605200AFFCDC,
				6DBE1E450919605200AFFCDC,
				6DBE1E460919605200AFFCDC,
				6DBE1E470919605200AFFCDC,
				6DBE1E480919605200AFFCDC,
				6DBE1E490919605200AFFCDC,
			);
			isa = PBXGroup;
			name = Sources;
			refType = 4;
			sourceTree = "<group>";
		};
		D3E2780708BB676000B4B44E = {
			fileEncoding = 30;
			isa = PBXFileReference;
			lastKnownFileType = text.xml;
			path = "xt3dmon-Info.plist";
			refType = 4;
			sourceTree = "<group>";
		};
		D3E2780808BB676000B4B44E = {
			fileRef = D3E2780708BB676000B4B44E;
			isa = PBXBuildFile;
			settings = {
			};
		};
	};
	rootObject = D37C16800833BE1100B1AA74;
}
