// !$*UTF8*$!
{
	archiveVersion = 1;
	classes = {
	};
	objectVersion = 42;
	objects = {

/* Begin PBXBuildFile section */
		6DBE1E4A0919605200AFFCDC /* buf.c in Sources */ = {isa = PBXBuildFile; fileRef = 6DBE1E250919605200AFFCDC /* buf.c */; };
		6DBE1E4B0919605200AFFCDC /* callout.c in Sources */ = {isa = PBXBuildFile; fileRef = 6DBE1E270919605200AFFCDC /* callout.c */; };
		6DBE1E4C0919605200AFFCDC /* cam.c in Sources */ = {isa = PBXBuildFile; fileRef = 6DBE1E280919605200AFFCDC /* cam.c */; };
		6DBE1E4D0919605200AFFCDC /* capture.c in Sources */ = {isa = PBXBuildFile; fileRef = 6DBE1E290919605200AFFCDC /* capture.c */; };
		6DBE1E4F0919605200AFFCDC /* dbg.c in Sources */ = {isa = PBXBuildFile; fileRef = 6DBE1E2D0919605200AFFCDC /* dbg.c */; };
		6DBE1E500919605200AFFCDC /* draw.c in Sources */ = {isa = PBXBuildFile; fileRef = 6DBE1E2E0919605200AFFCDC /* draw.c */; };
		6DBE1E510919605200AFFCDC /* ds.c in Sources */ = {isa = PBXBuildFile; fileRef = 6DBE1E2F0919605200AFFCDC /* ds.c */; };
		6DBE1E520919605200AFFCDC /* eggs.c in Sources */ = {isa = PBXBuildFile; fileRef = 6DBE1E300919605200AFFCDC /* eggs.c */; };
		6DBE1E530919605200AFFCDC /* flyby.c in Sources */ = {isa = PBXBuildFile; fileRef = 6DBE1E310919605200AFFCDC /* flyby.c */; };
		6DBE1E540919605200AFFCDC /* hl.c in Sources */ = {isa = PBXBuildFile; fileRef = 6DBE1E320919605200AFFCDC /* hl.c */; };
		6DBE1E550919605200AFFCDC /* http.c in Sources */ = {isa = PBXBuildFile; fileRef = 6DBE1E330919605200AFFCDC /* http.c */; };
		6DBE1E560919605200AFFCDC /* job.c in Sources */ = {isa = PBXBuildFile; fileRef = 6DBE1E340919605200AFFCDC /* job.c */; };
		6DBE1E570919605200AFFCDC /* key.c in Sources */ = {isa = PBXBuildFile; fileRef = 6DBE1E350919605200AFFCDC /* key.c */; };
		6DBE1E580919605200AFFCDC /* main.c in Sources */ = {isa = PBXBuildFile; fileRef = 6DBE1E360919605200AFFCDC /* main.c */; };
		6DBE1E590919605200AFFCDC /* mouse.c in Sources */ = {isa = PBXBuildFile; fileRef = 6DBE1E380919605200AFFCDC /* mouse.c */; };
		6DBE1E5A0919605200AFFCDC /* node.c in Sources */ = {isa = PBXBuildFile; fileRef = 6DBE1E390919605200AFFCDC /* node.c */; };
		6DBE1E5B0919605200AFFCDC /* objlist.c in Sources */ = {isa = PBXBuildFile; fileRef = 6DBE1E3A0919605200AFFCDC /* objlist.c */; };
		6DBE1E5C0919605200AFFCDC /* panel.c in Sources */ = {isa = PBXBuildFile; fileRef = 6DBE1E3B0919605200AFFCDC /* panel.c */; };
		6DBE1E5D0919605200AFFCDC /* parse.c in Sources */ = {isa = PBXBuildFile; fileRef = 6DBE1E3C0919605200AFFCDC /* parse.c */; };
		6DBE1E5E0919605200AFFCDC /* png.c in Sources */ = {isa = PBXBuildFile; fileRef = 6DBE1E3E0919605200AFFCDC /* png.c */; };
		6DBE1E5F0919605200AFFCDC /* select.c in Sources */ = {isa = PBXBuildFile; fileRef = 6DBE1E400919605200AFFCDC /* select.c */; };
		6DBE1E600919605200AFFCDC /* selnode.c in Sources */ = {isa = PBXBuildFile; fileRef = 6DBE1E410919605200AFFCDC /* selnode.c */; };
		6DBE1E610919605200AFFCDC /* server.c in Sources */ = {isa = PBXBuildFile; fileRef = 6DBE1E420919605200AFFCDC /* server.c */; };
		6DBE1E620919605200AFFCDC /* shadow.c in Sources */ = {isa = PBXBuildFile; fileRef = 6DBE1E430919605200AFFCDC /* shadow.c */; };
		6DBE1E630919605200AFFCDC /* status.c in Sources */ = {isa = PBXBuildFile; fileRef = 6DBE1E440919605200AFFCDC /* status.c */; };
		6DBE1E640919605200AFFCDC /* tex.c in Sources */ = {isa = PBXBuildFile; fileRef = 6DBE1E450919605200AFFCDC /* tex.c */; };
		6DBE1E650919605200AFFCDC /* tween.c in Sources */ = {isa = PBXBuildFile; fileRef = 6DBE1E460919605200AFFCDC /* tween.c */; };
		6DBE1E660919605200AFFCDC /* uinp.c in Sources */ = {isa = PBXBuildFile; fileRef = 6DBE1E470919605200AFFCDC /* uinp.c */; };
		6DBE1E670919605200AFFCDC /* vec.c in Sources */ = {isa = PBXBuildFile; fileRef = 6DBE1E480919605200AFFCDC /* vec.c */; };
		6DFABA6F096ECF12001374A0 /* arch.c in Sources */ = {isa = PBXBuildFile; fileRef = 6DFABA66096ECF12001374A0 /* arch.c */; };
		6DFABA71096ECF12001374A0 /* gl.c in Sources */ = {isa = PBXBuildFile; fileRef = 6DFABA68096ECF12001374A0 /* gl.c */; };
		6DFABA72096ECF12001374A0 /* math.c in Sources */ = {isa = PBXBuildFile; fileRef = 6DFABA69096ECF12001374A0 /* math.c */; };
		6DFABA75096ECF12001374A0 /* text.c in Sources */ = {isa = PBXBuildFile; fileRef = 6DFABA6C096ECF12001374A0 /* text.c */; };
		6DFABA76096ECF12001374A0 /* ustream.c in Sources */ = {isa = PBXBuildFile; fileRef = 6DFABA6D096ECF12001374A0 /* ustream.c */; };
		6DFABA77096ECF12001374A0 /* yod.c in Sources */ = {isa = PBXBuildFile; fileRef = 6DFABA6E096ECF12001374A0 /* yod.c */; };
		6DFABA95096ED0AB001374A0 /* phys-lex.c in Sources */ = {isa = PBXBuildFile; fileRef = 6DFABA92096ED0AB001374A0 /* phys-lex.c */; };
		6DFABA96096ED0AB001374A0 /* phys-parse.c in Sources */ = {isa = PBXBuildFile; fileRef = 6DFABA93096ED0AB001374A0 /* phys-parse.c */; };
		6DFABAA0096ED102001374A0 /* widget.c in Sources */ = {isa = PBXBuildFile; fileRef = 6DFABA9F096ED102001374A0 /* widget.c */; };
		9B61523F0A7922110008CDA2 /* rte.c in Sources */ = {isa = PBXBuildFile; fileRef = 9B61523E0A7922110008CDA2 /* rte.c */; };
		9B6152500A7940D60008CDA2 /* gss.c in Sources */ = {isa = PBXBuildFile; fileRef = 9B61524F0A7940D60008CDA2 /* gss.c */; };
		9B9C2C420A713AD600D00D18 /* dx-lex.c in Sources */ = {isa = PBXBuildFile; fileRef = 9B9C2C400A713AD600D00D18 /* dx-lex.c */; };
		9B9C2C430A713AD600D00D18 /* dx-parse.c in Sources */ = {isa = PBXBuildFile; fileRef = 9B9C2C410A713AD600D00D18 /* dx-parse.c */; };
		9BD64E5A0A1A10E600A0CDA7 /* lnseg.c in Sources */ = {isa = PBXBuildFile; fileRef = 9BD64E580A1A10E600A0CDA7 /* lnseg.c */; };
		D25936D209BE11DE00961C5E /* ssl.c in Sources */ = {isa = PBXBuildFile; fileRef = D25936CB09BE11DE00961C5E /* ssl.c */; };
		D25936D309BE11DE00961C5E /* ustrdtab.c in Sources */ = {isa = PBXBuildFile; fileRef = D25936CC09BE11DE00961C5E /* ustrdtab.c */; };
		D25936D409BE11DE00961C5E /* ustrop-file.c in Sources */ = {isa = PBXBuildFile; fileRef = D25936CD09BE11DE00961C5E /* ustrop-file.c */; };
		D25936D509BE11DE00961C5E /* ustrop-ssl.c in Sources */ = {isa = PBXBuildFile; fileRef = D25936CE09BE11DE00961C5E /* ustrop-ssl.c */; };
		D25936D609BE11DE00961C5E /* util.c in Sources */ = {isa = PBXBuildFile; fileRef = D25936CF09BE11DE00961C5E /* util.c */; };
		D2ABB86B0A18E01C005762AF /* prefresh.c in Sources */ = {isa = PBXBuildFile; fileRef = D2ABB8690A18E01C005762AF /* prefresh.c */; };
		D2ABB86C0A18E01C005762AF /* reel.c in Sources */ = {isa = PBXBuildFile; fileRef = D2ABB86A0A18E01C005762AF /* reel.c */; };
		D2ABB87E0A18E10F005762AF /* deusex.c in Sources */ = {isa = PBXBuildFile; fileRef = D2ABB87A0A18E10F005762AF /* deusex.c */; };
		D2ABB87F0A18E10F005762AF /* env.c in Sources */ = {isa = PBXBuildFile; fileRef = D2ABB87B0A18E10F005762AF /* env.c */; };
		D2ABB8800A18E10F005762AF /* fill.c in Sources */ = {isa = PBXBuildFile; fileRef = D2ABB87C0A18E10F005762AF /* fill.c */; };
		D2ABB8810A18E10F005762AF /* mark.c in Sources */ = {isa = PBXBuildFile; fileRef = D2ABB87D0A18E10F005762AF /* mark.c */; };
		D37C16960833BF5400B1AA74 /* Cocoa.framework in Frameworks */ = {isa = PBXBuildFile; fileRef = D37C16930833BF5400B1AA74 /* Cocoa.framework */; };
		D37C16970833BF5400B1AA74 /* GLUT.framework in Frameworks */ = {isa = PBXBuildFile; fileRef = D37C16940833BF5400B1AA74 /* GLUT.framework */; };
		D37C16980833BF5400B1AA74 /* OpenGL.framework in Frameworks */ = {isa = PBXBuildFile; fileRef = D37C16950833BF5400B1AA74 /* OpenGL.framework */; };
		D3E2780808BB676000B4B44E /* xt3dmon-Info.plist in Resources */ = {isa = PBXBuildFile; fileRef = D3E2780708BB676000B4B44E /* xt3dmon-Info.plist */; };
/* End PBXBuildFile section */

/* Begin PBXBuildStyle section */
		D37C167E0833BE1100B1AA74 /* Development */ = {
			isa = PBXBuildStyle;
			buildSettings = {
				COPY_PHASE_STRIP = NO;
				HEADER_SEARCH_PATHS = /opt/local/include/libpng12;
			};
			name = Development;
		};
		D37C167F0833BE1100B1AA74 /* Deployment */ = {
			isa = PBXBuildStyle;
			buildSettings = {
				COPY_PHASE_STRIP = YES;
				GCC_OPTIMIZATION_LEVEL = 3;
			};
			name = Deployment;
		};
/* End PBXBuildStyle section */

/* Begin PBXFileReference section */
		6D1A30320976C79A008279F3 /* xmath.h */ = {isa = PBXFileReference; fileEncoding = 30; lastKnownFileType = sourcecode.c.h; name = xmath.h; path = ../../xmath.h; sourceTree = SOURCE_ROOT; };
		6DBE1E0B09195F5800AFFCDC /* xt3dmon.app */ = {isa = PBXFileReference; explicitFileType = wrapper.application; includeInIndex = 0; path = xt3dmon.app; sourceTree = BUILT_PRODUCTS_DIR; };
		6DBE1E250919605200AFFCDC /* buf.c */ = {isa = PBXFileReference; fileEncoding = 30; lastKnownFileType = sourcecode.c.c; name = buf.c; path = ../../buf.c; sourceTree = SOURCE_ROOT; };
		6DBE1E260919605200AFFCDC /* buf.h */ = {isa = PBXFileReference; fileEncoding = 30; lastKnownFileType = sourcecode.c.h; name = buf.h; path = ../../buf.h; sourceTree = SOURCE_ROOT; };
		6DBE1E270919605200AFFCDC /* callout.c */ = {isa = PBXFileReference; fileEncoding = 30; lastKnownFileType = sourcecode.c.c; name = callout.c; path = ../../callout.c; sourceTree = SOURCE_ROOT; };
		6DBE1E280919605200AFFCDC /* cam.c */ = {isa = PBXFileReference; fileEncoding = 30; lastKnownFileType = sourcecode.c.c; name = cam.c; path = ../../cam.c; sourceTree = SOURCE_ROOT; };
		6DBE1E290919605200AFFCDC /* capture.c */ = {isa = PBXFileReference; fileEncoding = 30; lastKnownFileType = sourcecode.c.c; name = capture.c; path = ../../capture.c; sourceTree = SOURCE_ROOT; };
		6DBE1E2A0919605200AFFCDC /* cdefs.h */ = {isa = PBXFileReference; fileEncoding = 30; lastKnownFileType = sourcecode.c.h; name = cdefs.h; path = ../../cdefs.h; sourceTree = SOURCE_ROOT; };
		6DBE1E2B0919605200AFFCDC /* compat.h */ = {isa = PBXFileReference; fileEncoding = 30; lastKnownFileType = sourcecode.c.h; name = compat.h; path = ../../compat.h; sourceTree = SOURCE_ROOT; };
		6DBE1E2D0919605200AFFCDC /* dbg.c */ = {isa = PBXFileReference; fileEncoding = 30; lastKnownFileType = sourcecode.c.c; name = dbg.c; path = ../../dbg.c; sourceTree = SOURCE_ROOT; };
		6DBE1E2E0919605200AFFCDC /* draw.c */ = {isa = PBXFileReference; fileEncoding = 30; lastKnownFileType = sourcecode.c.c; name = draw.c; path = ../../draw.c; sourceTree = SOURCE_ROOT; };
		6DBE1E2F0919605200AFFCDC /* ds.c */ = {isa = PBXFileReference; fileEncoding = 30; lastKnownFileType = sourcecode.c.c; name = ds.c; path = ../../ds.c; sourceTree = SOURCE_ROOT; };
		6DBE1E300919605200AFFCDC /* eggs.c */ = {isa = PBXFileReference; fileEncoding = 30; lastKnownFileType = sourcecode.c.c; name = eggs.c; path = ../../eggs.c; sourceTree = SOURCE_ROOT; };
		6DBE1E310919605200AFFCDC /* flyby.c */ = {isa = PBXFileReference; fileEncoding = 30; lastKnownFileType = sourcecode.c.c; name = flyby.c; path = ../../flyby.c; sourceTree = SOURCE_ROOT; };
		6DBE1E320919605200AFFCDC /* hl.c */ = {isa = PBXFileReference; fileEncoding = 30; lastKnownFileType = sourcecode.c.c; name = hl.c; path = ../../hl.c; sourceTree = SOURCE_ROOT; };
		6DBE1E330919605200AFFCDC /* http.c */ = {isa = PBXFileReference; fileEncoding = 30; lastKnownFileType = sourcecode.c.c; name = http.c; path = ../../http.c; sourceTree = SOURCE_ROOT; };
		6DBE1E340919605200AFFCDC /* job.c */ = {isa = PBXFileReference; fileEncoding = 30; lastKnownFileType = sourcecode.c.c; name = job.c; path = ../../job.c; sourceTree = SOURCE_ROOT; };
		6DBE1E350919605200AFFCDC /* key.c */ = {isa = PBXFileReference; fileEncoding = 30; lastKnownFileType = sourcecode.c.c; name = key.c; path = ../../key.c; sourceTree = SOURCE_ROOT; };
		6DBE1E360919605200AFFCDC /* main.c */ = {isa = PBXFileReference; fileEncoding = 30; lastKnownFileType = sourcecode.c.c; name = main.c; path = ../../main.c; sourceTree = SOURCE_ROOT; };
		6DBE1E370919605200AFFCDC /* mon.h */ = {isa = PBXFileReference; fileEncoding = 30; lastKnownFileType = sourcecode.c.h; name = mon.h; path = ../../mon.h; sourceTree = SOURCE_ROOT; };
		6DBE1E380919605200AFFCDC /* mouse.c */ = {isa = PBXFileReference; fileEncoding = 30; lastKnownFileType = sourcecode.c.c; name = mouse.c; path = ../../mouse.c; sourceTree = SOURCE_ROOT; };
		6DBE1E390919605200AFFCDC /* node.c */ = {isa = PBXFileReference; fileEncoding = 30; lastKnownFileType = sourcecode.c.c; name = node.c; path = ../../node.c; sourceTree = SOURCE_ROOT; };
		6DBE1E3A0919605200AFFCDC /* objlist.c */ = {isa = PBXFileReference; fileEncoding = 30; lastKnownFileType = sourcecode.c.c; name = objlist.c; path = ../../objlist.c; sourceTree = SOURCE_ROOT; };
		6DBE1E3B0919605200AFFCDC /* panel.c */ = {isa = PBXFileReference; fileEncoding = 30; lastKnownFileType = sourcecode.c.c; name = panel.c; path = ../../panel.c; sourceTree = SOURCE_ROOT; };
		6DBE1E3C0919605200AFFCDC /* parse.c */ = {isa = PBXFileReference; fileEncoding = 30; lastKnownFileType = sourcecode.c.c; name = parse.c; path = ../../parse.c; sourceTree = SOURCE_ROOT; };
		6DBE1E3D0919605200AFFCDC /* pathnames.h */ = {isa = PBXFileReference; fileEncoding = 30; lastKnownFileType = sourcecode.c.h; name = pathnames.h; path = ../../pathnames.h; sourceTree = SOURCE_ROOT; };
		6DBE1E3E0919605200AFFCDC /* png.c */ = {isa = PBXFileReference; fileEncoding = 30; lastKnownFileType = sourcecode.c.c; name = png.c; path = ../../png.c; sourceTree = SOURCE_ROOT; };
		6DBE1E3F0919605200AFFCDC /* queue.h */ = {isa = PBXFileReference; fileEncoding = 30; lastKnownFileType = sourcecode.c.h; name = queue.h; path = ../../queue.h; sourceTree = SOURCE_ROOT; };
		6DBE1E400919605200AFFCDC /* select.c */ = {isa = PBXFileReference; fileEncoding = 30; lastKnownFileType = sourcecode.c.c; name = select.c; path = ../../select.c; sourceTree = SOURCE_ROOT; };
		6DBE1E410919605200AFFCDC /* selnode.c */ = {isa = PBXFileReference; fileEncoding = 30; lastKnownFileType = sourcecode.c.c; name = selnode.c; path = ../../selnode.c; sourceTree = SOURCE_ROOT; };
		6DBE1E420919605200AFFCDC /* server.c */ = {isa = PBXFileReference; fileEncoding = 30; lastKnownFileType = sourcecode.c.c; name = server.c; path = ../../server.c; sourceTree = SOURCE_ROOT; };
		6DBE1E430919605200AFFCDC /* shadow.c */ = {isa = PBXFileReference; fileEncoding = 30; lastKnownFileType = sourcecode.c.c; name = shadow.c; path = ../../shadow.c; sourceTree = SOURCE_ROOT; };
		6DBE1E440919605200AFFCDC /* status.c */ = {isa = PBXFileReference; fileEncoding = 30; lastKnownFileType = sourcecode.c.c; name = status.c; path = ../../status.c; sourceTree = SOURCE_ROOT; };
		6DBE1E450919605200AFFCDC /* tex.c */ = {isa = PBXFileReference; fileEncoding = 30; lastKnownFileType = sourcecode.c.c; name = tex.c; path = ../../tex.c; sourceTree = SOURCE_ROOT; };
		6DBE1E460919605200AFFCDC /* tween.c */ = {isa = PBXFileReference; fileEncoding = 30; lastKnownFileType = sourcecode.c.c; name = tween.c; path = ../../tween.c; sourceTree = SOURCE_ROOT; };
		6DBE1E470919605200AFFCDC /* uinp.c */ = {isa = PBXFileReference; fileEncoding = 30; lastKnownFileType = sourcecode.c.c; name = uinp.c; path = ../../uinp.c; sourceTree = SOURCE_ROOT; };
		6DBE1E480919605200AFFCDC /* vec.c */ = {isa = PBXFileReference; fileEncoding = 30; lastKnownFileType = sourcecode.c.c; name = vec.c; path = ../../vec.c; sourceTree = SOURCE_ROOT; };
		6DFABA57096ECEC2001374A0 /* phys.h */ = {isa = PBXFileReference; fileEncoding = 30; lastKnownFileType = sourcecode.c.h; name = phys.h; path = ../../phys.h; sourceTree = SOURCE_ROOT; };
		6DFABA5A096ECEC2001374A0 /* ustream.h */ = {isa = PBXFileReference; fileEncoding = 30; lastKnownFileType = sourcecode.c.h; name = ustream.h; path = ../../ustream.h; sourceTree = SOURCE_ROOT; };
		6DFABA66096ECF12001374A0 /* arch.c */ = {isa = PBXFileReference; fileEncoding = 30; lastKnownFileType = sourcecode.c.c; name = arch.c; path = ../../arch.c; sourceTree = SOURCE_ROOT; };
		6DFABA68096ECF12001374A0 /* gl.c */ = {isa = PBXFileReference; fileEncoding = 30; lastKnownFileType = sourcecode.c.c; name = gl.c; path = ../../gl.c; sourceTree = SOURCE_ROOT; };
		6DFABA69096ECF12001374A0 /* math.c */ = {isa = PBXFileReference; fileEncoding = 30; lastKnownFileType = sourcecode.c.c; name = math.c; path = ../../math.c; sourceTree = SOURCE_ROOT; };
		6DFABA6C096ECF12001374A0 /* text.c */ = {isa = PBXFileReference; fileEncoding = 30; lastKnownFileType = sourcecode.c.c; name = text.c; path = ../../text.c; sourceTree = SOURCE_ROOT; };
		6DFABA6D096ECF12001374A0 /* ustream.c */ = {isa = PBXFileReference; fileEncoding = 30; lastKnownFileType = sourcecode.c.c; name = ustream.c; path = ../../ustream.c; sourceTree = SOURCE_ROOT; };
		6DFABA6E096ECF12001374A0 /* yod.c */ = {isa = PBXFileReference; fileEncoding = 30; lastKnownFileType = sourcecode.c.c; name = yod.c; path = ../../yod.c; sourceTree = SOURCE_ROOT; };
		6DFABA92096ED0AB001374A0 /* phys-lex.c */ = {isa = PBXFileReference; fileEncoding = 30; lastKnownFileType = sourcecode.c.c; name = "phys-lex.c"; path = "../../phys-lex.c"; sourceTree = SOURCE_ROOT; };
		6DFABA93096ED0AB001374A0 /* phys-parse.c */ = {isa = PBXFileReference; fileEncoding = 30; lastKnownFileType = sourcecode.c.c; name = "phys-parse.c"; path = "../../phys-parse.c"; sourceTree = SOURCE_ROOT; };
		6DFABA9F096ED102001374A0 /* widget.c */ = {isa = PBXFileReference; fileEncoding = 30; lastKnownFileType = sourcecode.c.c; name = widget.c; path = ../../widget.c; sourceTree = SOURCE_ROOT; };
		6DFABAA1096ED116001374A0 /* y.tab.h */ = {isa = PBXFileReference; fileEncoding = 30; lastKnownFileType = sourcecode.c.h; name = y.tab.h; path = ../../y.tab.h; sourceTree = SOURCE_ROOT; };
		9B61523E0A7922110008CDA2 /* rte.c */ = {isa = PBXFileReference; fileEncoding = 30; lastKnownFileType = sourcecode.c.c; name = rte.c; path = ../../rte.c; sourceTree = SOURCE_ROOT; };
		9B61524F0A7940D60008CDA2 /* gss.c */ = {isa = PBXFileReference; fileEncoding = 30; lastKnownFileType = sourcecode.c.c; name = gss.c; path = ../../gss.c; sourceTree = SOURCE_ROOT; };
		9B9C2C400A713AD600D00D18 /* dx-lex.c */ = {isa = PBXFileReference; fileEncoding = 30; lastKnownFileType = sourcecode.c.c; name = "dx-lex.c"; path = "../../dx-lex.c"; sourceTree = SOURCE_ROOT; };
		9B9C2C410A713AD600D00D18 /* dx-parse.c */ = {isa = PBXFileReference; fileEncoding = 30; lastKnownFileType = sourcecode.c.c; name = "dx-parse.c"; path = "../../dx-parse.c"; sourceTree = SOURCE_ROOT; };
		9BD64E580A1A10E600A0CDA7 /* lnseg.c */ = {isa = PBXFileReference; fileEncoding = 30; lastKnownFileType = sourcecode.c.c; name = lnseg.c; path = ../../lnseg.c; sourceTree = SOURCE_ROOT; };
		9BD64E590A1A10E600A0CDA7 /* lnseg.h */ = {isa = PBXFileReference; fileEncoding = 30; lastKnownFileType = sourcecode.c.h; name = lnseg.h; path = ../../lnseg.h; sourceTree = SOURCE_ROOT; };
		D25936CB09BE11DE00961C5E /* ssl.c */ = {isa = PBXFileReference; fileEncoding = 30; lastKnownFileType = sourcecode.c.c; name = ssl.c; path = ../../ssl.c; sourceTree = SOURCE_ROOT; };
		D25936CC09BE11DE00961C5E /* ustrdtab.c */ = {isa = PBXFileReference; fileEncoding = 30; lastKnownFileType = sourcecode.c.c; name = ustrdtab.c; path = ../../ustrdtab.c; sourceTree = SOURCE_ROOT; };
		D25936CD09BE11DE00961C5E /* ustrop-file.c */ = {isa = PBXFileReference; fileEncoding = 30; lastKnownFileType = sourcecode.c.c; name = "ustrop-file.c"; path = "../../ustrop-file.c"; sourceTree = SOURCE_ROOT; };
		D25936CE09BE11DE00961C5E /* ustrop-ssl.c */ = {isa = PBXFileReference; fileEncoding = 30; lastKnownFileType = sourcecode.c.c; name = "ustrop-ssl.c"; path = "../../ustrop-ssl.c"; sourceTree = SOURCE_ROOT; };
		D25936CF09BE11DE00961C5E /* util.c */ = {isa = PBXFileReference; fileEncoding = 30; lastKnownFileType = sourcecode.c.c; name = util.c; path = ../../util.c; sourceTree = SOURCE_ROOT; };
		D25936D009BE11DE00961C5E /* util.h */ = {isa = PBXFileReference; fileEncoding = 30; lastKnownFileType = sourcecode.c.h; name = util.h; path = ../../util.h; sourceTree = SOURCE_ROOT; };
		D25936D109BE11DE00961C5E /* xssl.h */ = {isa = PBXFileReference; fileEncoding = 30; lastKnownFileType = sourcecode.c.h; name = xssl.h; path = ../../xssl.h; sourceTree = SOURCE_ROOT; };
		D2ABB84F0A18DFF0005762AF /* cam.h */ = {isa = PBXFileReference; fileEncoding = 30; lastKnownFileType = sourcecode.c.h; name = cam.h; path = ../../cam.h; sourceTree = SOURCE_ROOT; };
		D2ABB8500A18DFF0005762AF /* capture.h */ = {isa = PBXFileReference; fileEncoding = 30; lastKnownFileType = sourcecode.c.h; name = capture.h; path = ../../capture.h; sourceTree = SOURCE_ROOT; };
		D2ABB8510A18DFF0005762AF /* deusex.h */ = {isa = PBXFileReference; fileEncoding = 30; lastKnownFileType = sourcecode.c.h; name = deusex.h; path = ../../deusex.h; sourceTree = SOURCE_ROOT; };
		D2ABB8520A18DFF0005762AF /* draw.h */ = {isa = PBXFileReference; fileEncoding = 30; lastKnownFileType = sourcecode.c.h; name = draw.h; path = ../../draw.h; sourceTree = SOURCE_ROOT; };
		D2ABB8530A18DFF0005762AF /* ds.h */ = {isa = PBXFileReference; fileEncoding = 30; lastKnownFileType = sourcecode.c.h; name = ds.h; path = ../../ds.h; sourceTree = SOURCE_ROOT; };
		D2ABB8540A18DFF0005762AF /* env.h */ = {isa = PBXFileReference; fileEncoding = 30; lastKnownFileType = sourcecode.c.h; name = env.h; path = ../../env.h; sourceTree = SOURCE_ROOT; };
		D2ABB8550A18DFF0005762AF /* fill.h */ = {isa = PBXFileReference; fileEncoding = 30; lastKnownFileType = sourcecode.c.h; name = fill.h; path = ../../fill.h; sourceTree = SOURCE_ROOT; };
		D2ABB8560A18DFF0005762AF /* flyby.h */ = {isa = PBXFileReference; fileEncoding = 30; lastKnownFileType = sourcecode.c.h; name = flyby.h; path = ../../flyby.h; sourceTree = SOURCE_ROOT; };
		D2ABB8570A18DFF0005762AF /* gl.h */ = {isa = PBXFileReference; fileEncoding = 30; lastKnownFileType = sourcecode.c.h; name = gl.h; path = ../../gl.h; sourceTree = SOURCE_ROOT; };
		D2ABB8580A18DFF0005762AF /* http.h */ = {isa = PBXFileReference; fileEncoding = 30; lastKnownFileType = sourcecode.c.h; name = http.h; path = ../../http.h; sourceTree = SOURCE_ROOT; };
		D2ABB8590A18DFF0005762AF /* job.h */ = {isa = PBXFileReference; fileEncoding = 30; lastKnownFileType = sourcecode.c.h; name = job.h; path = ../../job.h; sourceTree = SOURCE_ROOT; };
		D2ABB85A0A18DFF0005762AF /* mark.h */ = {isa = PBXFileReference; fileEncoding = 30; lastKnownFileType = sourcecode.c.h; name = mark.h; path = ../../mark.h; sourceTree = SOURCE_ROOT; };
		D2ABB85B0A18DFF0005762AF /* node.h */ = {isa = PBXFileReference; fileEncoding = 30; lastKnownFileType = sourcecode.c.h; name = node.h; path = ../../node.h; sourceTree = SOURCE_ROOT; };
		D2ABB85C0A18DFF0005762AF /* nodeclass.h */ = {isa = PBXFileReference; fileEncoding = 30; lastKnownFileType = sourcecode.c.h; name = nodeclass.h; path = ../../nodeclass.h; sourceTree = SOURCE_ROOT; };
		D2ABB85D0A18DFF0005762AF /* objlist.h */ = {isa = PBXFileReference; fileEncoding = 30; lastKnownFileType = sourcecode.c.h; name = objlist.h; path = ../../objlist.h; sourceTree = SOURCE_ROOT; };
		D2ABB85E0A18DFF0005762AF /* panel.h */ = {isa = PBXFileReference; fileEncoding = 30; lastKnownFileType = sourcecode.c.h; name = panel.h; path = ../../panel.h; sourceTree = SOURCE_ROOT; };
		D2ABB85F0A18DFF0005762AF /* reel.h */ = {isa = PBXFileReference; fileEncoding = 30; lastKnownFileType = sourcecode.c.h; name = reel.h; path = ../../reel.h; sourceTree = SOURCE_ROOT; };
		D2ABB8600A18DFF0005762AF /* route.h */ = {isa = PBXFileReference; fileEncoding = 30; lastKnownFileType = sourcecode.c.h; name = route.h; path = ../../route.h; sourceTree = SOURCE_ROOT; };
		D2ABB8610A18DFF0005762AF /* seastar.h */ = {isa = PBXFileReference; fileEncoding = 30; lastKnownFileType = sourcecode.c.h; name = seastar.h; path = ../../seastar.h; sourceTree = SOURCE_ROOT; };
		D2ABB8620A18DFF0005762AF /* select.h */ = {isa = PBXFileReference; fileEncoding = 30; lastKnownFileType = sourcecode.c.h; name = select.h; path = ../../select.h; sourceTree = SOURCE_ROOT; };
		D2ABB8630A18DFF0005762AF /* selnode.h */ = {isa = PBXFileReference; fileEncoding = 30; lastKnownFileType = sourcecode.c.h; name = selnode.h; path = ../../selnode.h; sourceTree = SOURCE_ROOT; };
		D2ABB8640A18DFF0005762AF /* server.h */ = {isa = PBXFileReference; fileEncoding = 30; lastKnownFileType = sourcecode.c.h; name = server.h; path = ../../server.h; sourceTree = SOURCE_ROOT; };
		D2ABB8650A18DFF0005762AF /* state.h */ = {isa = PBXFileReference; fileEncoding = 30; lastKnownFileType = sourcecode.c.h; name = state.h; path = ../../state.h; sourceTree = SOURCE_ROOT; };
		D2ABB8660A18DFF0005762AF /* tween.h */ = {isa = PBXFileReference; fileEncoding = 30; lastKnownFileType = sourcecode.c.h; name = tween.h; path = ../../tween.h; sourceTree = SOURCE_ROOT; };
		D2ABB8670A18DFF0005762AF /* uinp.h */ = {isa = PBXFileReference; fileEncoding = 30; lastKnownFileType = sourcecode.c.h; name = uinp.h; path = ../../uinp.h; sourceTree = SOURCE_ROOT; };
		D2ABB8680A18DFF0005762AF /* yod.h */ = {isa = PBXFileReference; fileEncoding = 30; lastKnownFileType = sourcecode.c.h; name = yod.h; path = ../../yod.h; sourceTree = SOURCE_ROOT; };
		D2ABB8690A18E01C005762AF /* prefresh.c */ = {isa = PBXFileReference; fileEncoding = 30; lastKnownFileType = sourcecode.c.c; name = prefresh.c; path = ../../prefresh.c; sourceTree = SOURCE_ROOT; };
		D2ABB86A0A18E01C005762AF /* reel.c */ = {isa = PBXFileReference; fileEncoding = 30; lastKnownFileType = sourcecode.c.c; name = reel.c; path = ../../reel.c; sourceTree = SOURCE_ROOT; };
		D2ABB87A0A18E10F005762AF /* deusex.c */ = {isa = PBXFileReference; fileEncoding = 30; lastKnownFileType = sourcecode.c.c; name = deusex.c; path = ../../deusex.c; sourceTree = SOURCE_ROOT; };
		D2ABB87B0A18E10F005762AF /* env.c */ = {isa = PBXFileReference; fileEncoding = 30; lastKnownFileType = sourcecode.c.c; name = env.c; path = ../../env.c; sourceTree = SOURCE_ROOT; };
		D2ABB87C0A18E10F005762AF /* fill.c */ = {isa = PBXFileReference; fileEncoding = 30; lastKnownFileType = sourcecode.c.c; name = fill.c; path = ../../fill.c; sourceTree = SOURCE_ROOT; };
		D2ABB87D0A18E10F005762AF /* mark.c */ = {isa = PBXFileReference; fileEncoding = 30; lastKnownFileType = sourcecode.c.c; name = mark.c; path = ../../mark.c; sourceTree = SOURCE_ROOT; };
		D37C16930833BF5400B1AA74 /* Cocoa.framework */ = {isa = PBXFileReference; lastKnownFileType = wrapper.framework; name = Cocoa.framework; path = /System/Library/Frameworks/Cocoa.framework; sourceTree = "<absolute>"; };
		D37C16940833BF5400B1AA74 /* GLUT.framework */ = {isa = PBXFileReference; lastKnownFileType = wrapper.framework; name = GLUT.framework; path = /System/Library/Frameworks/GLUT.framework; sourceTree = "<absolute>"; };
		D37C16950833BF5400B1AA74 /* OpenGL.framework */ = {isa = PBXFileReference; lastKnownFileType = wrapper.framework; name = OpenGL.framework; path = /System/Library/Frameworks/OpenGL.framework; sourceTree = "<absolute>"; };
		D3E2780708BB676000B4B44E /* xt3dmon-Info.plist */ = {isa = PBXFileReference; fileEncoding = 30; lastKnownFileType = text.xml; path = "xt3dmon-Info.plist"; sourceTree = "<group>"; };
/* End PBXFileReference section */

/* Begin PBXFrameworksBuildPhase section */
		D37C168A0833BE3600B1AA74 /* Frameworks */ = {
			isa = PBXFrameworksBuildPhase;
			buildActionMask = 2147483647;
			files = (
				D37C16960833BF5400B1AA74 /* Cocoa.framework in Frameworks */,
				D37C16970833BF5400B1AA74 /* GLUT.framework in Frameworks */,
				D37C16980833BF5400B1AA74 /* OpenGL.framework in Frameworks */,
			);
			runOnlyForDeploymentPostprocessing = 0;
		};
/* End PBXFrameworksBuildPhase section */

/* Begin PBXGroup section */
		D31796C808AD1BF60016A4BD /* Headers */ = {
			isa = PBXGroup;
			children = (
				9BD64E590A1A10E600A0CDA7 /* lnseg.h */,
				D2ABB84F0A18DFF0005762AF /* cam.h */,
				D2ABB8500A18DFF0005762AF /* capture.h */,
				D2ABB8510A18DFF0005762AF /* deusex.h */,
				D2ABB8520A18DFF0005762AF /* draw.h */,
				D2ABB8530A18DFF0005762AF /* ds.h */,
				D2ABB8540A18DFF0005762AF /* env.h */,
				D2ABB8550A18DFF0005762AF /* fill.h */,
				D2ABB8560A18DFF0005762AF /* flyby.h */,
				D2ABB8570A18DFF0005762AF /* gl.h */,
				D2ABB8580A18DFF0005762AF /* http.h */,
				D2ABB8590A18DFF0005762AF /* job.h */,
				D2ABB85A0A18DFF0005762AF /* mark.h */,
				D2ABB85B0A18DFF0005762AF /* node.h */,
				D2ABB85C0A18DFF0005762AF /* nodeclass.h */,
				D2ABB85D0A18DFF0005762AF /* objlist.h */,
				D2ABB85E0A18DFF0005762AF /* panel.h */,
				D2ABB85F0A18DFF0005762AF /* reel.h */,
				D2ABB8600A18DFF0005762AF /* route.h */,
				D2ABB8610A18DFF0005762AF /* seastar.h */,
				D2ABB8620A18DFF0005762AF /* select.h */,
				D2ABB8630A18DFF0005762AF /* selnode.h */,
				D2ABB8640A18DFF0005762AF /* server.h */,
				D2ABB8650A18DFF0005762AF /* state.h */,
				D2ABB8660A18DFF0005762AF /* tween.h */,
				D2ABB8670A18DFF0005762AF /* uinp.h */,
				D2ABB8680A18DFF0005762AF /* yod.h */,
				6DBE1E260919605200AFFCDC /* buf.h */,
				6DBE1E2A0919605200AFFCDC /* cdefs.h */,
				6DBE1E2B0919605200AFFCDC /* compat.h */,
				6DBE1E370919605200AFFCDC /* mon.h */,
				D25936D009BE11DE00961C5E /* util.h */,
				D25936D109BE11DE00961C5E /* xssl.h */,
				6DBE1E3D0919605200AFFCDC /* pathnames.h */,
				6DFABA57096ECEC2001374A0 /* phys.h */,
				6DBE1E3F0919605200AFFCDC /* queue.h */,
				6DFABA5A096ECEC2001374A0 /* ustream.h */,
				6D1A30320976C79A008279F3 /* xmath.h */,
				6DFABAA1096ED116001374A0 /* y.tab.h */,
			);
			name = Headers;
			sourceTree = "<group>";
		};
		D31796C908AD1C210016A4BD /* Documentation */ = {
			isa = PBXGroup;
			children = (
			);
			name = Documentation;
			sourceTree = "<group>";
		};
		D37C167C0833BE1100B1AA74 = {
			isa = PBXGroup;
			children = (
				D31796C908AD1C210016A4BD /* Documentation */,
				D31796C808AD1BF60016A4BD /* Headers */,
				D37C16CA0833BF9400B1AA74 /* Sources */,
				D37C169F0833BF7F00B1AA74 /* Frameworks */,
				D37C168D0833BE3600B1AA74 /* Products */,
				D3E2780708BB676000B4B44E /* xt3dmon-Info.plist */,
			);
			sourceTree = "<group>";
		};
		D37C168D0833BE3600B1AA74 /* Products */ = {
			isa = PBXGroup;
			children = (
				6DBE1E0B09195F5800AFFCDC /* xt3dmon.app */,
			);
			name = Products;
			sourceTree = "<group>";
		};
		D37C169F0833BF7F00B1AA74 /* Frameworks */ = {
			isa = PBXGroup;
			children = (
				D37C16950833BF5400B1AA74 /* OpenGL.framework */,
				D37C16940833BF5400B1AA74 /* GLUT.framework */,
				D37C16930833BF5400B1AA74 /* Cocoa.framework */,
			);
			name = Frameworks;
			sourceTree = "<group>";
		};
		D37C16CA0833BF9400B1AA74 /* Sources */ = {
			isa = PBXGroup;
			children = (
				9B61524F0A7940D60008CDA2 /* gss.c */,
				9B9C2C400A713AD600D00D18 /* dx-lex.c */,
				9B9C2C410A713AD600D00D18 /* dx-parse.c */,
				9B61523E0A7922110008CDA2 /* rte.c */,
				9BD64E580A1A10E600A0CDA7 /* lnseg.c */,
				D2ABB87A0A18E10F005762AF /* deusex.c */,
				D2ABB87B0A18E10F005762AF /* env.c */,
				D2ABB87C0A18E10F005762AF /* fill.c */,
				D2ABB87D0A18E10F005762AF /* mark.c */,
				D2ABB8690A18E01C005762AF /* prefresh.c */,
				D2ABB86A0A18E01C005762AF /* reel.c */,
				D25936CB09BE11DE00961C5E /* ssl.c */,
				D25936CC09BE11DE00961C5E /* ustrdtab.c */,
				D25936CD09BE11DE00961C5E /* ustrop-file.c */,
				D25936CE09BE11DE00961C5E /* ustrop-ssl.c */,
				D25936CF09BE11DE00961C5E /* util.c */,
				6DFABA66096ECF12001374A0 /* arch.c */,
				6DBE1E250919605200AFFCDC /* buf.c */,
				6DBE1E270919605200AFFCDC /* callout.c */,
				6DBE1E280919605200AFFCDC /* cam.c */,
				6DBE1E290919605200AFFCDC /* capture.c */,
				6DBE1E2D0919605200AFFCDC /* dbg.c */,
				6DBE1E2E0919605200AFFCDC /* draw.c */,
				6DBE1E2F0919605200AFFCDC /* ds.c */,
				6DBE1E300919605200AFFCDC /* eggs.c */,
				6DBE1E310919605200AFFCDC /* flyby.c */,
				6DFABA68096ECF12001374A0 /* gl.c */,
				6DBE1E320919605200AFFCDC /* hl.c */,
				6DBE1E330919605200AFFCDC /* http.c */,
				6DBE1E340919605200AFFCDC /* job.c */,
				6DBE1E350919605200AFFCDC /* key.c */,
				6DBE1E360919605200AFFCDC /* main.c */,
				6DFABA69096ECF12001374A0 /* math.c */,
				6DBE1E380919605200AFFCDC /* mouse.c */,
				6DBE1E390919605200AFFCDC /* node.c */,
				6DBE1E3A0919605200AFFCDC /* objlist.c */,
				6DBE1E3B0919605200AFFCDC /* panel.c */,
				6DBE1E3C0919605200AFFCDC /* parse.c */,
				6DFABA92096ED0AB001374A0 /* phys-lex.c */,
				6DFABA93096ED0AB001374A0 /* phys-parse.c */,
				6DBE1E3E0919605200AFFCDC /* png.c */,
				6DBE1E400919605200AFFCDC /* select.c */,
				6DBE1E410919605200AFFCDC /* selnode.c */,
				6DBE1E420919605200AFFCDC /* server.c */,
				6DBE1E430919605200AFFCDC /* shadow.c */,
				6DBE1E440919605200AFFCDC /* status.c */,
				6DBE1E450919605200AFFCDC /* tex.c */,
				6DFABA6C096ECF12001374A0 /* text.c */,
				6DBE1E460919605200AFFCDC /* tween.c */,
				6DBE1E470919605200AFFCDC /* uinp.c */,
				6DFABA6D096ECF12001374A0 /* ustream.c */,
				6DBE1E480919605200AFFCDC /* vec.c */,
				6DFABA9F096ED102001374A0 /* widget.c */,
				6DFABA6E096ECF12001374A0 /* yod.c */,
			);
			name = Sources;
			sourceTree = "<group>";
		};
/* End PBXGroup section */

/* Begin PBXNativeTarget section */
		D37C168B0833BE3600B1AA74 /* xt3dmon */ = {
			isa = PBXNativeTarget;
			buildConfigurationList = 6D787DEB09280CED00D59424 /* Build configuration list for PBXNativeTarget "xt3dmon" */;
			buildPhases = (
				D37C16880833BE3600B1AA74 /* Resources */,
				D37C16890833BE3600B1AA74 /* Sources */,
				D37C168A0833BE3600B1AA74 /* Frameworks */,
			);
			buildRules = (
			);
			buildSettings = {
				COPY_PHASE_STRIP = NO;
				GCC_DEBUGGING_SYMBOLS = full;
				GCC_GENERATE_DEBUGGING_SYMBOLS = NO;
				GCC_MODEL_TUNING = G4;
				GCC_OPTIMIZATION_LEVEL = 3;
				GCC_PRECOMPILE_PREFIX_HEADER = YES;
				GCC_PREFIX_HEADER = "$(SYSTEM_LIBRARY_DIR)/Frameworks/Carbon.framework/Headers/Carbon.h";
				INFOPLIST_FILE = "xt3dmon-Info.plist";
				INSTALL_PATH = "$(USER_APPS_DIR)";
				OTHER_CFLAGS = "-L/usr/local/lib";
				OTHER_LDFLAGS = (
					"-framework",
					Carbon,
					"-lpng",
					"-L/opt/local/lib",
					"-lncurses",
					"-lz",
					"-lm",
				);
				OTHER_REZFLAGS = "";
				PREBINDING = NO;
				PRODUCT_NAME = xt3dmon;
				SECTORDER_FLAGS = "";
				WARNING_CFLAGS = (
					"-Wmost",
					"-Wno-four-char-constants",
					"-Wno-unknown-pragmas",
				);
			};
			dependencies = (
			);
			name = xt3dmon;
			productName = carbon_mon;
			productReference = 6DBE1E0B09195F5800AFFCDC /* xt3dmon.app */;
			productSettingsXML = "<?xml version=\"1.0\" encoding=\"UTF-8\"?>
<!DOCTYPE plist PUBLIC \"-//Apple Computer//DTD PLIST 1.0//EN\" \"http://www.apple.com/DTDs/PropertyList-1.0.dtd\">
<plist version=\"1.0\">
<dict>
	<key>CFBundleDevelopmentRegion</key>
	<string>English</string>
	<key>CFBundleExecutable</key>
	<string>carbon_mon</string>
	<key>CFBundleIdentifier</key>
	<string>com.yourcompany.carbon_mon</string>
	<key>CFBundleInfoDictionaryVersion</key>
	<string>6.0</string>
	<key>CFBundlePackageType</key>
	<string>APPL</string>
	<key>CFBundleSignature</key>
	<string>????</string>
	<key>CFBundleVersion</key>
	<string>1.0</string>
</dict>
</plist>
";
			productType = "com.apple.product-type.application";
		};
/* End PBXNativeTarget section */

/* Begin PBXProject section */
		D37C16800833BE1100B1AA74 /* Project object */ = {
			isa = PBXProject;
			buildConfigurationList = 6D787DEF09280CED00D59424 /* Build configuration list for PBXProject "xt3dmon" */;
			buildSettings = {
			};
			buildStyles = (
				D37C167E0833BE1100B1AA74 /* Development */,
				D37C167F0833BE1100B1AA74 /* Deployment */,
			);
			hasScannedForEncodings = 0;
			mainGroup = D37C167C0833BE1100B1AA74;
			productRefGroup = D37C168D0833BE3600B1AA74 /* Products */;
			projectDirPath = "";
			targets = (
				D37C168B0833BE3600B1AA74 /* xt3dmon */,
			);
		};
/* End PBXProject section */

/* Begin PBXResourcesBuildPhase section */
		D37C16880833BE3600B1AA74 /* Resources */ = {
			isa = PBXResourcesBuildPhase;
			buildActionMask = 2147483647;
			files = (
				D3E2780808BB676000B4B44E /* xt3dmon-Info.plist in Resources */,
			);
			runOnlyForDeploymentPostprocessing = 0;
		};
/* End PBXResourcesBuildPhase section */

/* Begin PBXSourcesBuildPhase section */
		D37C16890833BE3600B1AA74 /* Sources */ = {
			isa = PBXSourcesBuildPhase;
			buildActionMask = 2147483647;
			files = (
				6DBE1E4A0919605200AFFCDC /* buf.c in Sources */,
				6DBE1E4B0919605200AFFCDC /* callout.c in Sources */,
				6DBE1E4C0919605200AFFCDC /* cam.c in Sources */,
				6DBE1E4D0919605200AFFCDC /* capture.c in Sources */,
				6DBE1E4F0919605200AFFCDC /* dbg.c in Sources */,
				6DBE1E500919605200AFFCDC /* draw.c in Sources */,
				6DBE1E510919605200AFFCDC /* ds.c in Sources */,
				6DBE1E520919605200AFFCDC /* eggs.c in Sources */,
				6DBE1E530919605200AFFCDC /* flyby.c in Sources */,
				6DBE1E540919605200AFFCDC /* hl.c in Sources */,
				6DBE1E550919605200AFFCDC /* http.c in Sources */,
				6DBE1E560919605200AFFCDC /* job.c in Sources */,
				6DBE1E570919605200AFFCDC /* key.c in Sources */,
				6DBE1E580919605200AFFCDC /* main.c in Sources */,
				6DBE1E590919605200AFFCDC /* mouse.c in Sources */,
				6DBE1E5A0919605200AFFCDC /* node.c in Sources */,
				6DBE1E5B0919605200AFFCDC /* objlist.c in Sources */,
				6DBE1E5C0919605200AFFCDC /* panel.c in Sources */,
				6DBE1E5D0919605200AFFCDC /* parse.c in Sources */,
				6DBE1E5E0919605200AFFCDC /* png.c in Sources */,
				6DBE1E5F0919605200AFFCDC /* select.c in Sources */,
				6DBE1E600919605200AFFCDC /* selnode.c in Sources */,
				6DBE1E610919605200AFFCDC /* server.c in Sources */,
				6DBE1E620919605200AFFCDC /* shadow.c in Sources */,
				6DBE1E630919605200AFFCDC /* status.c in Sources */,
				6DBE1E640919605200AFFCDC /* tex.c in Sources */,
				6DBE1E650919605200AFFCDC /* tween.c in Sources */,
				6DBE1E660919605200AFFCDC /* uinp.c in Sources */,
				6DBE1E670919605200AFFCDC /* vec.c in Sources */,
				6DFABA6F096ECF12001374A0 /* arch.c in Sources */,
				6DFABA71096ECF12001374A0 /* gl.c in Sources */,
				6DFABA72096ECF12001374A0 /* math.c in Sources */,
				6DFABA75096ECF12001374A0 /* text.c in Sources */,
				6DFABA76096ECF12001374A0 /* ustream.c in Sources */,
				6DFABA77096ECF12001374A0 /* yod.c in Sources */,
				6DFABA95096ED0AB001374A0 /* phys-lex.c in Sources */,
				6DFABA96096ED0AB001374A0 /* phys-parse.c in Sources */,
				6DFABAA0096ED102001374A0 /* widget.c in Sources */,
				D25936D209BE11DE00961C5E /* ssl.c in Sources */,
				D25936D309BE11DE00961C5E /* ustrdtab.c in Sources */,
				D25936D409BE11DE00961C5E /* ustrop-file.c in Sources */,
				D25936D509BE11DE00961C5E /* ustrop-ssl.c in Sources */,
				D25936D609BE11DE00961C5E /* util.c in Sources */,
				D2ABB86B0A18E01C005762AF /* prefresh.c in Sources */,
				D2ABB86C0A18E01C005762AF /* reel.c in Sources */,
				D2ABB87E0A18E10F005762AF /* deusex.c in Sources */,
				D2ABB87F0A18E10F005762AF /* env.c in Sources */,
				D2ABB8800A18E10F005762AF /* fill.c in Sources */,
				D2ABB8810A18E10F005762AF /* mark.c in Sources */,
				9BD64E5A0A1A10E600A0CDA7 /* lnseg.c in Sources */,
				9B9C2C420A713AD600D00D18 /* dx-lex.c in Sources */,
				9B9C2C430A713AD600D00D18 /* dx-parse.c in Sources */,
				9B61523F0A7922110008CDA2 /* rte.c in Sources */,
				9B6152500A7940D60008CDA2 /* gss.c in Sources */,
			);
			runOnlyForDeploymentPostprocessing = 0;
		};
/* End PBXSourcesBuildPhase section */

/* Begin XCBuildConfiguration section */
		6D787DEC09280CED00D59424 /* Development */ = {
			isa = XCBuildConfiguration;
			buildSettings = {
				COPY_PHASE_STRIP = NO;
				GCC_DEBUGGING_SYMBOLS = full;
				GCC_GENERATE_DEBUGGING_SYMBOLS = NO;
				GCC_MODEL_TUNING = G4;
				GCC_OPTIMIZATION_LEVEL = 3;
				GCC_PRECOMPILE_PREFIX_HEADER = YES;
				GCC_PREFIX_HEADER = "$(SYSTEM_LIBRARY_DIR)/Frameworks/Carbon.framework/Headers/Carbon.h";
				HEADER_SEARCH_PATHS = /opt/local/include/libpng12;
				INFOPLIST_FILE = "xt3dmon-Info.plist";
				INSTALL_PATH = "$(USER_APPS_DIR)";
				OTHER_CFLAGS = "-L/usr/local/lib";
				OTHER_LDFLAGS = (
					"-framework",
					Carbon,
					"-lpng",
					"-L/opt/local/lib",
					"-lncurses",
					"-lz",
					"-lm",
					"-lcrypto",
					"-lssl",
					"-lgssapi_krb5",
					"-g",
				);
				OTHER_REZFLAGS = "";
				PREBINDING = NO;
				PRODUCT_NAME = xt3dmon;
				SECTORDER_FLAGS = "";
				WARNING_CFLAGS = (
					"-Wmost",
					"-Wno-four-char-constants",
					"-Wno-unknown-pragmas",
				);
			};
			name = Development;
		};
		6D787DED09280CED00D59424 /* Deployment */ = {
			isa = XCBuildConfiguration;
			buildSettings = {
				COPY_PHASE_STRIP = YES;
				GCC_DEBUGGING_SYMBOLS = full;
				GCC_GENERATE_DEBUGGING_SYMBOLS = NO;
				GCC_MODEL_TUNING = G4;
				GCC_OPTIMIZATION_LEVEL = 3;
				GCC_PRECOMPILE_PREFIX_HEADER = YES;
				GCC_PREFIX_HEADER = "$(SYSTEM_LIBRARY_DIR)/Frameworks/Carbon.framework/Headers/Carbon.h";
				INFOPLIST_FILE = "xt3dmon-Info.plist";
				INSTALL_PATH = "$(USER_APPS_DIR)";
				OTHER_CFLAGS = "-L/usr/local/lib";
				OTHER_LDFLAGS = (
					"-framework",
					Carbon,
					"-lpng",
					"-L/opt/local/lib",
					"-lncurses",
					"-lz",
					"-lm",
					"-lcrypto",
					"-lssl",
					"-lgssapi_krb5",
					"-g",
				);
				OTHER_REZFLAGS = "";
				PREBINDING = NO;
				PRODUCT_NAME = xt3dmon;
				SECTORDER_FLAGS = "";
				WARNING_CFLAGS = (
					"-Wmost",
					"-Wno-four-char-constants",
					"-Wno-unknown-pragmas",
				);
			};
			name = Deployment;
		};
		6D787DEE09280CED00D59424 /* Default */ = {
			isa = XCBuildConfiguration;
			buildSettings = {
				COPY_PHASE_STRIP = NO;
				GCC_DEBUGGING_SYMBOLS = full;
				GCC_GENERATE_DEBUGGING_SYMBOLS = NO;
				GCC_MODEL_TUNING = G4;
				GCC_OPTIMIZATION_LEVEL = 3;
				GCC_PRECOMPILE_PREFIX_HEADER = YES;
				GCC_PREFIX_HEADER = "$(SYSTEM_LIBRARY_DIR)/Frameworks/Carbon.framework/Headers/Carbon.h";
				INFOPLIST_FILE = "xt3dmon-Info.plist";
				INSTALL_PATH = "$(USER_APPS_DIR)";
				OTHER_CFLAGS = "-L/usr/local/lib";
				OTHER_LDFLAGS = (
					"-framework",
					Carbon,
					"-lpng",
					"-L/opt/local/lib",
					"-lncurses",
					"-lz",
					"-lm",
					"-lcrypto",
					"-lssl",
					"-lgssapi_krb5",
					"-g",
				);
				OTHER_REZFLAGS = "";
				PREBINDING = NO;
				PRODUCT_NAME = xt3dmon;
				SECTORDER_FLAGS = "";
				WARNING_CFLAGS = (
					"-Wmost",
					"-Wno-four-char-constants",
					"-Wno-unknown-pragmas",
				);
			};
			name = Default;
		};
		6D787DF009280CED00D59424 /* Development */ = {
			isa = XCBuildConfiguration;
			buildSettings = {
			};
			name = Development;
		};
		6D787DF109280CED00D59424 /* Deployment */ = {
			isa = XCBuildConfiguration;
			buildSettings = {
			};
			name = Deployment;
		};
		6D787DF209280CED00D59424 /* Default */ = {
			isa = XCBuildConfiguration;
			buildSettings = {
			};
			name = Default;
		};
/* End XCBuildConfiguration section */

/* Begin XCConfigurationList section */
		6D787DEB09280CED00D59424 /* Build configuration list for PBXNativeTarget "xt3dmon" */ = {
			isa = XCConfigurationList;
			buildConfigurations = (
				6D787DEC09280CED00D59424 /* Development */,
				6D787DED09280CED00D59424 /* Deployment */,
				6D787DEE09280CED00D59424 /* Default */,
			);
			defaultConfigurationIsVisible = 0;
			defaultConfigurationName = Default;
		};
		6D787DEF09280CED00D59424 /* Build configuration list for PBXProject "xt3dmon" */ = {
			isa = XCConfigurationList;
			buildConfigurations = (
				6D787DF009280CED00D59424 /* Development */,
				6D787DF109280CED00D59424 /* Deployment */,
				6D787DF209280CED00D59424 /* Default */,
			);
			defaultConfigurationIsVisible = 0;
			defaultConfigurationName = Default;
		};
/* End XCConfigurationList section */
	};
	rootObject = D37C16800833BE1100B1AA74 /* Project object */;
}
